uuid: 24ae384c-501f-492b-ba16-7f6decf607ab
langcode: en
status: false
dependencies:
  config:
    - views.view.roadmap
  module:
    - system
    - views
  theme:
    - six8theme
id: six8theme_views_block__roadmap_roadmap_block
theme: six8theme
region: content
weight: 0
provider: null
plugin: 'views_block:roadmap-roadmap_block'
settings:
  id: 'views_block:roadmap-roadmap_block'
  label: Roadmap
  provider: views
  label_display: visible
  views_label: Roadmap
  items_per_page: none
visibility:
  request_path:
    id: request_path
    pages: '<front>'
    negate: false
    context_mapping: {  }
