uuid: ed904ec7-07ae-4dc0-9091-0c5acf3858ae
langcode: en
status: true
dependencies:
  config:
    - views.view.kit_list
  module:
    - system
    - views
  theme:
    - six8theme
id: six8theme_views_block__kit_list_kit_block
theme: six8theme
region: content
weight: -1
provider: null
plugin: 'views_block:kit_list-kit_block'
settings:
  id: 'views_block:kit_list-kit_block'
  label: ''
  provider: views
  label_display: '0'
  views_label: ''
  items_per_page: none
visibility:
  request_path:
    id: request_path
    pages: /node/8
    negate: false
    context_mapping: {  }
